
Microsoft Visual Studio Solution File, Format Version 12.00
Project("{FAE04EC0-301F-11D3-BF4B-00C04F79EFBC}") = "CyclopsSolarCharger", "CyclopsSolarCharger\CyclopsSolarCharger.csproj", "{0E8B8846-E4D0-425E-9E03-6E8ACD501737}"
EndProject
Project("{FAE04EC0-301F-11D3-BF4B-00C04F79EFBC}") = "ScannerRoomBetterUpgrades", "ScannerRoomBetterUpgrades\ScannerRoomBetterUpgrades.csproj", "{7A7CC532-3144-4A59-A9CF-7837B058F6C6}"
EndProject
Global
	GlobalSection(SolutionConfigurationPlatforms) = preSolution
		Debug|Any CPU = Debug|Any CPU
		Release|Any CPU = Release|Any CPU
	EndGlobalSection
	GlobalSection(ProjectConfigurationPlatforms) = postSolution
		{0E8B8846-E4D0-425E-9E03-6E8ACD501737}.Debug|Any CPU.ActiveCfg = Debug|Any CPU
		{0E8B8846-E4D0-425E-9E03-6E8ACD501737}.Debug|Any CPU.Build.0 = Debug|Any CPU
		{0E8B8846-E4D0-425E-9E03-6E8ACD501737}.Release|Any CPU.ActiveCfg = Release|Any CPU
		{0E8B8846-E4D0-425E-9E03-6E8ACD501737}.Release|Any CPU.Build.0 = Release|Any CPU
		{7A7CC532-3144-4A59-A9CF-7837B058F6C6}.Debug|Any CPU.ActiveCfg = Debug|Any CPU
		{7A7CC532-3144-4A59-A9CF-7837B058F6C6}.Debug|Any CPU.Build.0 = Debug|Any CPU
		{7A7CC532-3144-4A59-A9CF-7837B058F6C6}.Release|Any CPU.ActiveCfg = Release|Any CPU
		{7A7CC532-3144-4A59-A9CF-7837B058F6C6}.Release|Any CPU.Build.0 = Release|Any CPU
	EndGlobalSection
EndGlobal
